
Microsoft Visual Studio Solution File, Format Version 12.00
# Visual Studio Version 17
VisualStudioVersion = 17.3.32901.215
MinimumVisualStudioVersion = 10.0.40219.1
Project("{2150E333-8FDC-42A3-9474-1A3956D46DE8}") = "src", "src", "{4D499ECC-1E02-41FC-A397-5B2A957C95E7}"
EndProject
Project("{2150E333-8FDC-42A3-9474-1A3956D46DE8}") = "01.Domain", "01.Domain", "{98601E40-5A3D-46AA-9387-C53D5781AEDC}"
EndProject
Project("{9A19103F-16F7-4668-BE54-9A1E7A4F7556}") = "Domain", "Domain\Domain.csproj", "{A16A2825-14F2-4DE1-8CBF-CBE77C176A67}"
EndProject
Project("{2150E333-8FDC-42A3-9474-1A3956D46DE8}") = "Framework", "Framework", "{0255EB3C-9144-469F-B154-7232A118F8EE}"
EndProject
Project("{2150E333-8FDC-42A3-9474-1A3956D46DE8}") = "src", "src", "{4E4C4A10-A9B6-4FD4-BF40-99A038C26758}"
EndProject
Project("{9A19103F-16F7-4668-BE54-9A1E7A4F7556}") = "Framework.Domain", "Framework.Domain\Framework.Domain.csproj", "{C1050419-37F9-4BB3-93D0-9E8D9A0B230C}"
EndProject
Project("{2150E333-8FDC-42A3-9474-1A3956D46DE8}") = "03.Infrastructure", "03.Infrastructure", "{87F57CD9-76E0-42A4-8155-CA60009F3038}"
EndProject
Project("{9A19103F-16F7-4668-BE54-9A1E7A4F7556}") = "Persistence.EF", "Persistence.EF\Persistence.EF.csproj", "{33C8A17F-D6AD-4775-968C-A67C71230928}"
EndProject
Project("{9A19103F-16F7-4668-BE54-9A1E7A4F7556}") = "ServiceHost", "ServiceHost\ServiceHost.csproj", "{181AF94C-8611-432D-AB54-D4BCFF639387}"
EndProject
Project("{FAE04EC0-301F-11D3-BF4B-00C04F79EFBC}") = "Framework.Core", "Framework.Core\Framework.Core.csproj", "{B3F11133-35B3-4109-8876-CAD30DB9A277}"
EndProject
Project("{2150E333-8FDC-42A3-9474-1A3956D46DE8}") = "02.Application", "02.Application", "{B845148A-4A2A-40F7-B183-15F66443B1BE}"
EndProject
Project("{FAE04EC0-301F-11D3-BF4B-00C04F79EFBC}") = "Application", "Application\Application.csproj", "{A7F328FF-2C43-4C7F-8904-F560A3C7BC8C}"
EndProject
Project("{2150E333-8FDC-42A3-9474-1A3956D46DE8}") = "04.UI", "04.UI", "{5FF7CBB3-9F0C-4EC6-B4CA-F4A74E0B30AC}"
EndProject
Project("{FAE04EC0-301F-11D3-BF4B-00C04F79EFBC}") = "RestApi", "RestApi\RestApi.csproj", "{C3EB28EE-03C7-40B4-9CC5-B9CD6328725C}"
EndProject
Global
	GlobalSection(SolutionConfigurationPlatforms) = preSolution
		Debug|Any CPU = Debug|Any CPU
		Release|Any CPU = Release|Any CPU
	EndGlobalSection
	GlobalSection(ProjectConfigurationPlatforms) = postSolution
		{A16A2825-14F2-4DE1-8CBF-CBE77C176A67}.Debug|Any CPU.ActiveCfg = Debug|Any CPU
		{A16A2825-14F2-4DE1-8CBF-CBE77C176A67}.Debug|Any CPU.Build.0 = Debug|Any CPU
		{A16A2825-14F2-4DE1-8CBF-CBE77C176A67}.Release|Any CPU.ActiveCfg = Release|Any CPU
		{A16A2825-14F2-4DE1-8CBF-CBE77C176A67}.Release|Any CPU.Build.0 = Release|Any CPU
		{C1050419-37F9-4BB3-93D0-9E8D9A0B230C}.Debug|Any CPU.ActiveCfg = Debug|Any CPU
		{C1050419-37F9-4BB3-93D0-9E8D9A0B230C}.Debug|Any CPU.Build.0 = Debug|Any CPU
		{C1050419-37F9-4BB3-93D0-9E8D9A0B230C}.Release|Any CPU.ActiveCfg = Release|Any CPU
		{C1050419-37F9-4BB3-93D0-9E8D9A0B230C}.Release|Any CPU.Build.0 = Release|Any CPU
		{33C8A17F-D6AD-4775-968C-A67C71230928}.Debug|Any CPU.ActiveCfg = Debug|Any CPU
		{33C8A17F-D6AD-4775-968C-A67C71230928}.Debug|Any CPU.Build.0 = Debug|Any CPU
		{33C8A17F-D6AD-4775-968C-A67C71230928}.Release|Any CPU.ActiveCfg = Release|Any CPU
		{33C8A17F-D6AD-4775-968C-A67C71230928}.Release|Any CPU.Build.0 = Release|Any CPU
		{181AF94C-8611-432D-AB54-D4BCFF639387}.Debug|Any CPU.ActiveCfg = Debug|Any CPU
		{181AF94C-8611-432D-AB54-D4BCFF639387}.Debug|Any CPU.Build.0 = Debug|Any CPU
		{181AF94C-8611-432D-AB54-D4BCFF639387}.Release|Any CPU.ActiveCfg = Release|Any CPU
		{181AF94C-8611-432D-AB54-D4BCFF639387}.Release|Any CPU.Build.0 = Release|Any CPU
		{B3F11133-35B3-4109-8876-CAD30DB9A277}.Debug|Any CPU.ActiveCfg = Debug|Any CPU
		{B3F11133-35B3-4109-8876-CAD30DB9A277}.Debug|Any CPU.Build.0 = Debug|Any CPU
		{B3F11133-35B3-4109-8876-CAD30DB9A277}.Release|Any CPU.ActiveCfg = Release|Any CPU
		{B3F11133-35B3-4109-8876-CAD30DB9A277}.Release|Any CPU.Build.0 = Release|Any CPU
		{A7F328FF-2C43-4C7F-8904-F560A3C7BC8C}.Debug|Any CPU.ActiveCfg = Debug|Any CPU
		{A7F328FF-2C43-4C7F-8904-F560A3C7BC8C}.Debug|Any CPU.Build.0 = Debug|Any CPU
		{A7F328FF-2C43-4C7F-8904-F560A3C7BC8C}.Release|Any CPU.ActiveCfg = Release|Any CPU
		{A7F328FF-2C43-4C7F-8904-F560A3C7BC8C}.Release|Any CPU.Build.0 = Release|Any CPU
		{C3EB28EE-03C7-40B4-9CC5-B9CD6328725C}.Debug|Any CPU.ActiveCfg = Debug|Any CPU
		{C3EB28EE-03C7-40B4-9CC5-B9CD6328725C}.Debug|Any CPU.Build.0 = Debug|Any CPU
		{C3EB28EE-03C7-40B4-9CC5-B9CD6328725C}.Release|Any CPU.ActiveCfg = Release|Any CPU
		{C3EB28EE-03C7-40B4-9CC5-B9CD6328725C}.Release|Any CPU.Build.0 = Release|Any CPU
	EndGlobalSection
	GlobalSection(SolutionProperties) = preSolution
		HideSolutionNode = FALSE
	EndGlobalSection
	GlobalSection(NestedProjects) = preSolution
		{98601E40-5A3D-46AA-9387-C53D5781AEDC} = {4D499ECC-1E02-41FC-A397-5B2A957C95E7}
		{A16A2825-14F2-4DE1-8CBF-CBE77C176A67} = {98601E40-5A3D-46AA-9387-C53D5781AEDC}
		{4E4C4A10-A9B6-4FD4-BF40-99A038C26758} = {0255EB3C-9144-469F-B154-7232A118F8EE}
		{C1050419-37F9-4BB3-93D0-9E8D9A0B230C} = {4E4C4A10-A9B6-4FD4-BF40-99A038C26758}
		{87F57CD9-76E0-42A4-8155-CA60009F3038} = {4D499ECC-1E02-41FC-A397-5B2A957C95E7}
		{33C8A17F-D6AD-4775-968C-A67C71230928} = {87F57CD9-76E0-42A4-8155-CA60009F3038}
		{181AF94C-8611-432D-AB54-D4BCFF639387} = {4D499ECC-1E02-41FC-A397-5B2A957C95E7}
		{B3F11133-35B3-4109-8876-CAD30DB9A277} = {4E4C4A10-A9B6-4FD4-BF40-99A038C26758}
		{B845148A-4A2A-40F7-B183-15F66443B1BE} = {4D499ECC-1E02-41FC-A397-5B2A957C95E7}
		{A7F328FF-2C43-4C7F-8904-F560A3C7BC8C} = {B845148A-4A2A-40F7-B183-15F66443B1BE}
		{5FF7CBB3-9F0C-4EC6-B4CA-F4A74E0B30AC} = {4D499ECC-1E02-41FC-A397-5B2A957C95E7}
		{C3EB28EE-03C7-40B4-9CC5-B9CD6328725C} = {5FF7CBB3-9F0C-4EC6-B4CA-F4A74E0B30AC}
	EndGlobalSection
	GlobalSection(ExtensibilityGlobals) = postSolution
		SolutionGuid = {2230254C-18ED-4BA4-9D94-AEA7E53B4C88}
	EndGlobalSection
EndGlobal
